
Microsoft Visual Studio Solution File, Format Version 12.00
Project("{FAE04EC0-301F-11D3-BF4B-00C04F79EFBC}") = "Laraue.Apps.RealEstate.Prediction.Abstractions", "src\Laraue.Apps.RealEstate.Prediction.Abstractions\Laraue.Apps.RealEstate.Prediction.Abstractions.csproj", "{E37EC740-7089-46FB-9E0F-BEEB0F1965A2}"
EndProject
Project("{2150E333-8FDC-42A3-9474-1A3956D46DE8}") = "hosts", "hosts", "{7AC4807E-55B9-4F27-B6D2-0EBA99AEFFD2}"
EndProject
Project("{2150E333-8FDC-42A3-9474-1A3956D46DE8}") = "prediction", "prediction", "{1567B5D8-BD5E-4A97-B3D6-2972F63288D6}"
EndProject
Project("{FAE04EC0-301F-11D3-BF4B-00C04F79EFBC}") = "Laraue.Apps.RealEstate.Prediction.Impl", "src\Laraue.Apps.RealEstate.Prediction.Impl\Laraue.Apps.RealEstate.Prediction.Impl.csproj", "{AB5A219C-7219-4BBD-9FAB-6C7C0CBD0BF3}"
EndProject
Project("{2150E333-8FDC-42A3-9474-1A3956D46DE8}") = "crawling", "crawling", "{EE1D48F9-4FDE-4CCC-87C3-74224E332682}"
EndProject
Project("{FAE04EC0-301F-11D3-BF4B-00C04F79EFBC}") = "Laraue.Apps.RealEstate.Crawling.Abstractions", "src\Laraue.Apps.RealEstate.Crawling.Abstractions\Laraue.Apps.RealEstate.Crawling.Abstractions.csproj", "{9C723805-216A-4AC4-9AE5-175A6E7C6765}"
EndProject
Project("{2150E333-8FDC-42A3-9474-1A3956D46DE8}") = "db", "db", "{B91AB723-1F79-42EA-A8D3-FBAABAF58A28}"
EndProject
Project("{FAE04EC0-301F-11D3-BF4B-00C04F79EFBC}") = "Laraue.Apps.RealEstate.Db", "src\Laraue.Apps.RealEstate.Db\Laraue.Apps.RealEstate.Db.csproj", "{BE6F287D-C7C5-40DF-9B92-DE88B4504665}"
EndProject
Project("{FAE04EC0-301F-11D3-BF4B-00C04F79EFBC}") = "Laraue.Apps.RealEstate.WorkerHost", "src\Laraue.Apps.RealEstate.WorkerHost\Laraue.Apps.RealEstate.WorkerHost.csproj", "{976C4F11-6938-40EE-B26B-7A6767354AA5}"
EndProject
Project("{FAE04EC0-301F-11D3-BF4B-00C04F79EFBC}") = "Laraue.Apps.RealEstate.Crawling.Impl", "src\Laraue.Apps.RealEstate.Crawling.Impl\Laraue.Apps.RealEstate.Crawling.Impl.csproj", "{737489EA-2A2D-4B71-88CB-945D4DE24055}"
EndProject
Project("{2150E333-8FDC-42A3-9474-1A3956D46DE8}") = "tests", "tests", "{560070C4-6166-49F6-9D4E-0408518AA41F}"
EndProject
Project("{FAE04EC0-301F-11D3-BF4B-00C04F79EFBC}") = "Laraue.Apps.RealEstate.IntegrationTests", "tests\Laraue.Apps.RealEstate.IntegrationTests\Laraue.Apps.RealEstate.IntegrationTests.csproj", "{41B8D356-8801-4326-B1A9-26B5AACAF654}"
EndProject
Project("{FAE04EC0-301F-11D3-BF4B-00C04F79EFBC}") = "Laraue.Apps.RealEstate.ApiHost", "src\Laraue.Apps.RealEstate.ApiHost\Laraue.Apps.RealEstate.ApiHost.csproj", "{A877731C-130E-4452-8290-239197454E40}"
EndProject
Project("{FAE04EC0-301F-11D3-BF4B-00C04F79EFBC}") = "Laraue.Apps.RealEstate.TelegramHost", "src\Laraue.Apps.RealEstate.TelegramHost\Laraue.Apps.RealEstate.TelegramHost.csproj", "{928BE7AF-29B4-4A6D-A9CC-904507CC05A4}"
EndProject
Project("{2150E333-8FDC-42A3-9474-1A3956D46DE8}") = "common", "common", "{AC8F37B5-607C-4287-9C63-5F298FCCE041}"
EndProject
Project("{FAE04EC0-301F-11D3-BF4B-00C04F79EFBC}") = "Laraue.Apps.RealEstate.Abstractions", "src\Laraue.Apps.RealEstate.Abstractions\Laraue.Apps.RealEstate.Abstractions.csproj", "{815D9DB1-0FA9-44AF-8BB5-3E7C3465BBC8}"
EndProject
Project("{FAE04EC0-301F-11D3-BF4B-00C04F79EFBC}") = "Laraue.Apps.RealEstate.Telegram", "src\Laraue.Apps.RealEstate.Telegram\Laraue.Apps.RealEstate.Telegram.csproj", "{AFF041CB-9DD6-424F-85E4-2A7C275FDC7D}"
EndProject
Global
	GlobalSection(SolutionConfigurationPlatforms) = preSolution
		Debug|Any CPU = Debug|Any CPU
		Release|Any CPU = Release|Any CPU
	EndGlobalSection
	GlobalSection(ProjectConfigurationPlatforms) = postSolution
		{E37EC740-7089-46FB-9E0F-BEEB0F1965A2}.Debug|Any CPU.ActiveCfg = Debug|Any CPU
		{E37EC740-7089-46FB-9E0F-BEEB0F1965A2}.Debug|Any CPU.Build.0 = Debug|Any CPU
		{E37EC740-7089-46FB-9E0F-BEEB0F1965A2}.Release|Any CPU.ActiveCfg = Release|Any CPU
		{E37EC740-7089-46FB-9E0F-BEEB0F1965A2}.Release|Any CPU.Build.0 = Release|Any CPU
		{AB5A219C-7219-4BBD-9FAB-6C7C0CBD0BF3}.Debug|Any CPU.ActiveCfg = Debug|Any CPU
		{AB5A219C-7219-4BBD-9FAB-6C7C0CBD0BF3}.Debug|Any CPU.Build.0 = Debug|Any CPU
		{AB5A219C-7219-4BBD-9FAB-6C7C0CBD0BF3}.Release|Any CPU.ActiveCfg = Release|Any CPU
		{AB5A219C-7219-4BBD-9FAB-6C7C0CBD0BF3}.Release|Any CPU.Build.0 = Release|Any CPU
		{9C723805-216A-4AC4-9AE5-175A6E7C6765}.Debug|Any CPU.ActiveCfg = Debug|Any CPU
		{9C723805-216A-4AC4-9AE5-175A6E7C6765}.Debug|Any CPU.Build.0 = Debug|Any CPU
		{9C723805-216A-4AC4-9AE5-175A6E7C6765}.Release|Any CPU.ActiveCfg = Release|Any CPU
		{9C723805-216A-4AC4-9AE5-175A6E7C6765}.Release|Any CPU.Build.0 = Release|Any CPU
		{BE6F287D-C7C5-40DF-9B92-DE88B4504665}.Debug|Any CPU.ActiveCfg = Debug|Any CPU
		{BE6F287D-C7C5-40DF-9B92-DE88B4504665}.Debug|Any CPU.Build.0 = Debug|Any CPU
		{BE6F287D-C7C5-40DF-9B92-DE88B4504665}.Release|Any CPU.ActiveCfg = Release|Any CPU
		{BE6F287D-C7C5-40DF-9B92-DE88B4504665}.Release|Any CPU.Build.0 = Release|Any CPU
		{976C4F11-6938-40EE-B26B-7A6767354AA5}.Debug|Any CPU.ActiveCfg = Debug|Any CPU
		{976C4F11-6938-40EE-B26B-7A6767354AA5}.Debug|Any CPU.Build.0 = Debug|Any CPU
		{976C4F11-6938-40EE-B26B-7A6767354AA5}.Release|Any CPU.ActiveCfg = Release|Any CPU
		{976C4F11-6938-40EE-B26B-7A6767354AA5}.Release|Any CPU.Build.0 = Release|Any CPU
		{737489EA-2A2D-4B71-88CB-945D4DE24055}.Debug|Any CPU.ActiveCfg = Debug|Any CPU
		{737489EA-2A2D-4B71-88CB-945D4DE24055}.Debug|Any CPU.Build.0 = Debug|Any CPU
		{737489EA-2A2D-4B71-88CB-945D4DE24055}.Release|Any CPU.ActiveCfg = Release|Any CPU
		{737489EA-2A2D-4B71-88CB-945D4DE24055}.Release|Any CPU.Build.0 = Release|Any CPU
		{41B8D356-8801-4326-B1A9-26B5AACAF654}.Debug|Any CPU.ActiveCfg = Debug|Any CPU
		{41B8D356-8801-4326-B1A9-26B5AACAF654}.Debug|Any CPU.Build.0 = Debug|Any CPU
		{41B8D356-8801-4326-B1A9-26B5AACAF654}.Release|Any CPU.ActiveCfg = Release|Any CPU
		{41B8D356-8801-4326-B1A9-26B5AACAF654}.Release|Any CPU.Build.0 = Release|Any CPU
		{A877731C-130E-4452-8290-239197454E40}.Debug|Any CPU.ActiveCfg = Debug|Any CPU
		{A877731C-130E-4452-8290-239197454E40}.Debug|Any CPU.Build.0 = Debug|Any CPU
		{A877731C-130E-4452-8290-239197454E40}.Release|Any CPU.ActiveCfg = Release|Any CPU
		{A877731C-130E-4452-8290-239197454E40}.Release|Any CPU.Build.0 = Release|Any CPU
		{928BE7AF-29B4-4A6D-A9CC-904507CC05A4}.Debug|Any CPU.ActiveCfg = Debug|Any CPU
		{928BE7AF-29B4-4A6D-A9CC-904507CC05A4}.Debug|Any CPU.Build.0 = Debug|Any CPU
		{928BE7AF-29B4-4A6D-A9CC-904507CC05A4}.Release|Any CPU.ActiveCfg = Release|Any CPU
		{928BE7AF-29B4-4A6D-A9CC-904507CC05A4}.Release|Any CPU.Build.0 = Release|Any CPU
		{815D9DB1-0FA9-44AF-8BB5-3E7C3465BBC8}.Debug|Any CPU.ActiveCfg = Debug|Any CPU
		{815D9DB1-0FA9-44AF-8BB5-3E7C3465BBC8}.Debug|Any CPU.Build.0 = Debug|Any CPU
		{815D9DB1-0FA9-44AF-8BB5-3E7C3465BBC8}.Release|Any CPU.ActiveCfg = Release|Any CPU
		{815D9DB1-0FA9-44AF-8BB5-3E7C3465BBC8}.Release|Any CPU.Build.0 = Release|Any CPU
		{AFF041CB-9DD6-424F-85E4-2A7C275FDC7D}.Debug|Any CPU.ActiveCfg = Debug|Any CPU
		{AFF041CB-9DD6-424F-85E4-2A7C275FDC7D}.Debug|Any CPU.Build.0 = Debug|Any CPU
		{AFF041CB-9DD6-424F-85E4-2A7C275FDC7D}.Release|Any CPU.ActiveCfg = Release|Any CPU
		{AFF041CB-9DD6-424F-85E4-2A7C275FDC7D}.Release|Any CPU.Build.0 = Release|Any CPU
	EndGlobalSection
	GlobalSection(NestedProjects) = preSolution
		{E37EC740-7089-46FB-9E0F-BEEB0F1965A2} = {1567B5D8-BD5E-4A97-B3D6-2972F63288D6}
		{AB5A219C-7219-4BBD-9FAB-6C7C0CBD0BF3} = {1567B5D8-BD5E-4A97-B3D6-2972F63288D6}
		{9C723805-216A-4AC4-9AE5-175A6E7C6765} = {EE1D48F9-4FDE-4CCC-87C3-74224E332682}
		{BE6F287D-C7C5-40DF-9B92-DE88B4504665} = {B91AB723-1F79-42EA-A8D3-FBAABAF58A28}
		{976C4F11-6938-40EE-B26B-7A6767354AA5} = {7AC4807E-55B9-4F27-B6D2-0EBA99AEFFD2}
		{737489EA-2A2D-4B71-88CB-945D4DE24055} = {EE1D48F9-4FDE-4CCC-87C3-74224E332682}
		{41B8D356-8801-4326-B1A9-26B5AACAF654} = {560070C4-6166-49F6-9D4E-0408518AA41F}
		{A877731C-130E-4452-8290-239197454E40} = {7AC4807E-55B9-4F27-B6D2-0EBA99AEFFD2}
		{928BE7AF-29B4-4A6D-A9CC-904507CC05A4} = {7AC4807E-55B9-4F27-B6D2-0EBA99AEFFD2}
		{815D9DB1-0FA9-44AF-8BB5-3E7C3465BBC8} = {AC8F37B5-607C-4287-9C63-5F298FCCE041}
		{AFF041CB-9DD6-424F-85E4-2A7C275FDC7D} = {AC8F37B5-607C-4287-9C63-5F298FCCE041}
	EndGlobalSection
EndGlobal
